
Microsoft Visual Studio Solution File, Format Version 12.00
# Visual Studio 15
VisualStudioVersion = 15.0.27004.2002
MinimumVisualStudioVersion = 10.0.40219.1
Project("{FAE04EC0-301F-11D3-BF4B-00C04F79EFBC}") = "Comp565Project1", "Comp565Project1\Comp565Project1.csproj", "{DD6AB2C7-ECC4-4BA5-AEB3-D252372448DA}"
EndProject
Global
	GlobalSection(SolutionConfigurationPlatforms) = preSolution
		Debug|x86 = Debug|x86
		Release|x86 = Release|x86
	EndGlobalSection
	GlobalSection(ProjectConfigurationPlatforms) = postSolution
		{DD6AB2C7-ECC4-4BA5-AEB3-D252372448DA}.Debug|x86.ActiveCfg = Debug|x86
		{DD6AB2C7-ECC4-4BA5-AEB3-D252372448DA}.Debug|x86.Build.0 = Debug|x86
		{DD6AB2C7-ECC4-4BA5-AEB3-D252372448DA}.Release|x86.ActiveCfg = Release|x86
		{DD6AB2C7-ECC4-4BA5-AEB3-D252372448DA}.Release|x86.Build.0 = Release|x86
	EndGlobalSection
	GlobalSection(SolutionProperties) = preSolution
		HideSolutionNode = FALSE
	EndGlobalSection
	GlobalSection(ExtensibilityGlobals) = postSolution
		SolutionGuid = {F9F2FF63-E8D1-42EC-AF62-221D003985F8}
	EndGlobalSection
EndGlobal
